
Microsoft Visual Studio Solution File, Format Version 12.00
# Visual Studio Version 17
VisualStudioVersion = 17.4.33205.214
MinimumVisualStudioVersion = 10.0.40219.1
Project("{FAE04EC0-301F-11D3-BF4B-00C04F79EFBC}") = "project4", "project4\project4.csproj", "{9DD2E7AD-FF31-4B90-9192-24566A9A7466}"
EndProject
Global
	GlobalSection(SolutionConfigurationPlatforms) = preSolution
		Debug|Any CPU = Debug|Any CPU
		Release|Any CPU = Release|Any CPU
	EndGlobalSection
	GlobalSection(ProjectConfigurationPlatforms) = postSolution
		{9DD2E7AD-FF31-4B90-9192-24566A9A7466}.Debug|Any CPU.ActiveCfg = Debug|Any CPU
		{9DD2E7AD-FF31-4B90-9192-24566A9A7466}.Debug|Any CPU.Build.0 = Debug|Any CPU
		{9DD2E7AD-FF31-4B90-9192-24566A9A7466}.Release|Any CPU.ActiveCfg = Release|Any CPU
		{9DD2E7AD-FF31-4B90-9192-24566A9A7466}.Release|Any CPU.Build.0 = Release|Any CPU
	EndGlobalSection
	GlobalSection(SolutionProperties) = preSolution
		HideSolutionNode = FALSE
	EndGlobalSection
	GlobalSection(ExtensibilityGlobals) = postSolution
		SolutionGuid = {9DD6E1BD-FFFC-42A7-8587-C7012721FB96}
	EndGlobalSection
EndGlobal
