
Microsoft Visual Studio Solution File, Format Version 12.00
# Visual Studio Version 17
VisualStudioVersion = 17.4.33205.214
MinimumVisualStudioVersion = 10.0.40219.1
Project("{FAE04EC0-301F-11D3-BF4B-00C04F79EFBC}") = "Project3", "Project3\Project3.csproj", "{4E914091-6DF6-49CB-BDC8-761DC33C577F}"
EndProject
Global
	GlobalSection(SolutionConfigurationPlatforms) = preSolution
		Debug|Any CPU = Debug|Any CPU
		Release|Any CPU = Release|Any CPU
	EndGlobalSection
	GlobalSection(ProjectConfigurationPlatforms) = postSolution
		{4E914091-6DF6-49CB-BDC8-761DC33C577F}.Debug|Any CPU.ActiveCfg = Debug|Any CPU
		{4E914091-6DF6-49CB-BDC8-761DC33C577F}.Debug|Any CPU.Build.0 = Debug|Any CPU
		{4E914091-6DF6-49CB-BDC8-761DC33C577F}.Release|Any CPU.ActiveCfg = Release|Any CPU
		{4E914091-6DF6-49CB-BDC8-761DC33C577F}.Release|Any CPU.Build.0 = Release|Any CPU
	EndGlobalSection
	GlobalSection(SolutionProperties) = preSolution
		HideSolutionNode = FALSE
	EndGlobalSection
	GlobalSection(ExtensibilityGlobals) = postSolution
		SolutionGuid = {77E96477-7D6D-4CE4-A3D5-E12F697F05B6}
	EndGlobalSection
EndGlobal
